
Microsoft Visual Studio Solution File, Format Version 12.00
# Visual Studio Version 18
VisualStudioVersion = 18.9.12120.119
MinimumVisualStudioVersion = 10.0.40219.1
Project("{FAE04EC0-301F-11D3-BF4B-00C04F79EFBC}") = "SpaceReasoningTesting", "WorldMapProj\SpaceReasoningTesting.csproj", "{CC581FBF-9DB1-4415-BB6E-6DBD05AA3025}"
EndProject
Project("{FAE04EC0-301F-11D3-BF4B-00C04F79EFBC}") = "WorldMapLib", "WorldMapLib\WorldMapLib.csproj", "{198FFBE1-8123-4BDB-A328-13395A3BFE21}"
EndProject
Project("{FAE04EC0-301F-11D3-BF4B-00C04F79EFBC}") = "DriverLib", "DriverLib\DriverLib.csproj", "{A0CF7FBB-96CD-4017-9774-E87C3E530AC7}"
EndProject
Project("{FAE04EC0-301F-11D3-BF4B-00C04F79EFBC}") = "RobotServer", "WorldMapServer\RobotServer.csproj", "{E17094C4-3E6F-4536-8E71-93AA9C11F3DE}"
EndProject
Project("{2150E333-8FDC-42A3-9474-1A3956D46DE8}") = "Solution Items", "Solution Items", "{9CA8521A-FD32-4F15-B7DF-42E65BD3A70B}"
	ProjectSection(SolutionItems) = preProject
		README.md = README.md
	EndProjectSection
EndProject
Project("{11A8DD76-328B-46DF-9F39-F559912D0360}") = "DeviceApp", "DeviceApp\DeviceApp.nfproj", "{04B6C633-EDE8-4481-93ED-CF9968A2F068}"
EndProject
Project("{D954291E-2A0B-460D-934E-DC6B0785DB48}") = "Common", "Common\Common.shproj", "{9B7B27F9-88BC-4A17-A424-CBC02507B7FC}"
EndProject
Global
	GlobalSection(SolutionConfigurationPlatforms) = preSolution
		Debug|Any CPU = Debug|Any CPU
		Debug|x64 = Debug|x64
		Debug|x86 = Debug|x86
		Release|Any CPU = Release|Any CPU
		Release|x64 = Release|x64
		Release|x86 = Release|x86
	EndGlobalSection
	GlobalSection(ProjectConfigurationPlatforms) = postSolution
		{CC581FBF-9DB1-4415-BB6E-6DBD05AA3025}.Debug|Any CPU.ActiveCfg = Debug|Any CPU
		{CC581FBF-9DB1-4415-BB6E-6DBD05AA3025}.Debug|Any CPU.Build.0 = Debug|Any CPU
		{CC581FBF-9DB1-4415-BB6E-6DBD05AA3025}.Debug|x64.ActiveCfg = Debug|Any CPU
		{CC581FBF-9DB1-4415-BB6E-6DBD05AA3025}.Debug|x64.Build.0 = Debug|Any CPU
		{CC581FBF-9DB1-4415-BB6E-6DBD05AA3025}.Debug|x86.ActiveCfg = Debug|Any CPU
		{CC581FBF-9DB1-4415-BB6E-6DBD05AA3025}.Debug|x86.Build.0 = Debug|Any CPU
		{CC581FBF-9DB1-4415-BB6E-6DBD05AA3025}.Release|Any CPU.ActiveCfg = Release|Any CPU
		{CC581FBF-9DB1-4415-BB6E-6DBD05AA3025}.Release|Any CPU.Build.0 = Release|Any CPU
		{CC581FBF-9DB1-4415-BB6E-6DBD05AA3025}.Release|x64.ActiveCfg = Release|Any CPU
		{CC581FBF-9DB1-4415-BB6E-6DBD05AA3025}.Release|x64.Build.0 = Release|Any CPU
		{CC581FBF-9DB1-4415-BB6E-6DBD05AA3025}.Release|x86.ActiveCfg = Release|Any CPU
		{CC581FBF-9DB1-4415-BB6E-6DBD05AA3025}.Release|x86.Build.0 = Release|Any CPU
		{198FFBE1-8123-4BDB-A328-13395A3BFE21}.Debug|Any CPU.ActiveCfg = Debug|Any CPU
		{198FFBE1-8123-4BDB-A328-13395A3BFE21}.Debug|Any CPU.Build.0 = Debug|Any CPU
		{198FFBE1-8123-4BDB-A328-13395A3BFE21}.Debug|x64.ActiveCfg = Debug|Any CPU
		{198FFBE1-8123-4BDB-A328-13395A3BFE21}.Debug|x64.Build.0 = Debug|Any CPU
		{198FFBE1-8123-4BDB-A328-13395A3BFE21}.Debug|x86.ActiveCfg = Debug|Any CPU
		{198FFBE1-8123-4BDB-A328-13395A3BFE21}.Debug|x86.Build.0 = Debug|Any CPU
		{198FFBE1-8123-4BDB-A328-13395A3BFE21}.Release|Any CPU.ActiveCfg = Release|Any CPU
		{198FFBE1-8123-4BDB-A328-13395A3BFE21}.Release|Any CPU.Build.0 = Release|Any CPU
		{198FFBE1-8123-4BDB-A328-13395A3BFE21}.Release|x64.ActiveCfg = Release|Any CPU
		{198FFBE1-8123-4BDB-A328-13395A3BFE21}.Release|x64.Build.0 = Release|Any CPU
		{198FFBE1-8123-4BDB-A328-13395A3BFE21}.Release|x86.ActiveCfg = Release|Any CPU
		{198FFBE1-8123-4BDB-A328-13395A3BFE21}.Release|x86.Build.0 = Release|Any CPU
		{A0CF7FBB-96CD-4017-9774-E87C3E530AC7}.Debug|Any CPU.ActiveCfg = Debug|Any CPU
		{A0CF7FBB-96CD-4017-9774-E87C3E530AC7}.Debug|Any CPU.Build.0 = Debug|Any CPU
		{A0CF7FBB-96CD-4017-9774-E87C3E530AC7}.Debug|x64.ActiveCfg = Debug|Any CPU
		{A0CF7FBB-96CD-4017-9774-E87C3E530AC7}.Debug|x64.Build.0 = Debug|Any CPU
		{A0CF7FBB-96CD-4017-9774-E87C3E530AC7}.Debug|x86.ActiveCfg = Debug|Any CPU
		{A0CF7FBB-96CD-4017-9774-E87C3E530AC7}.Debug|x86.Build.0 = Debug|Any CPU
		{A0CF7FBB-96CD-4017-9774-E87C3E530AC7}.Release|Any CPU.ActiveCfg = Release|Any CPU
		{A0CF7FBB-96CD-4017-9774-E87C3E530AC7}.Release|Any CPU.Build.0 = Release|Any CPU
		{A0CF7FBB-96CD-4017-9774-E87C3E530AC7}.Release|x64.ActiveCfg = Release|Any CPU
		{A0CF7FBB-96CD-4017-9774-E87C3E530AC7}.Release|x64.Build.0 = Release|Any CPU
		{A0CF7FBB-96CD-4017-9774-E87C3E530AC7}.Release|x86.ActiveCfg = Release|Any CPU
		{A0CF7FBB-96CD-4017-9774-E87C3E530AC7}.Release|x86.Build.0 = Release|Any CPU
		{E17094C4-3E6F-4536-8E71-93AA9C11F3DE}.Debug|Any CPU.ActiveCfg = Debug|Any CPU
		{E17094C4-3E6F-4536-8E71-93AA9C11F3DE}.Debug|Any CPU.Build.0 = Debug|Any CPU
		{E17094C4-3E6F-4536-8E71-93AA9C11F3DE}.Debug|x64.ActiveCfg = Debug|Any CPU
		{E17094C4-3E6F-4536-8E71-93AA9C11F3DE}.Debug|x64.Build.0 = Debug|Any CPU
		{E17094C4-3E6F-4536-8E71-93AA9C11F3DE}.Debug|x86.ActiveCfg = Debug|Any CPU
		{E17094C4-3E6F-4536-8E71-93AA9C11F3DE}.Debug|x86.Build.0 = Debug|Any CPU
		{E17094C4-3E6F-4536-8E71-93AA9C11F3DE}.Release|Any CPU.ActiveCfg = Release|Any CPU
		{E17094C4-3E6F-4536-8E71-93AA9C11F3DE}.Release|Any CPU.Build.0 = Release|Any CPU
		{E17094C4-3E6F-4536-8E71-93AA9C11F3DE}.Release|x64.ActiveCfg = Release|Any CPU
		{E17094C4-3E6F-4536-8E71-93AA9C11F3DE}.Release|x64.Build.0 = Release|Any CPU
		{E17094C4-3E6F-4536-8E71-93AA9C11F3DE}.Release|x86.ActiveCfg = Release|Any CPU
		{E17094C4-3E6F-4536-8E71-93AA9C11F3DE}.Release|x86.Build.0 = Release|Any CPU
		{04B6C633-EDE8-4481-93ED-CF9968A2F068}.Debug|Any CPU.ActiveCfg = Debug|Any CPU
		{04B6C633-EDE8-4481-93ED-CF9968A2F068}.Debug|Any CPU.Build.0 = Debug|Any CPU
		{04B6C633-EDE8-4481-93ED-CF9968A2F068}.Debug|Any CPU.Deploy.0 = Debug|Any CPU
		{04B6C633-EDE8-4481-93ED-CF9968A2F068}.Debug|x64.ActiveCfg = Debug|Any CPU
		{04B6C633-EDE8-4481-93ED-CF9968A2F068}.Debug|x64.Build.0 = Debug|Any CPU
		{04B6C633-EDE8-4481-93ED-CF9968A2F068}.Debug|x64.Deploy.0 = Debug|Any CPU
		{04B6C633-EDE8-4481-93ED-CF9968A2F068}.Debug|x86.ActiveCfg = Debug|Any CPU
		{04B6C633-EDE8-4481-93ED-CF9968A2F068}.Debug|x86.Build.0 = Debug|Any CPU
		{04B6C633-EDE8-4481-93ED-CF9968A2F068}.Debug|x86.Deploy.0 = Debug|Any CPU
		{04B6C633-EDE8-4481-93ED-CF9968A2F068}.Release|Any CPU.ActiveCfg = Release|Any CPU
		{04B6C633-EDE8-4481-93ED-CF9968A2F068}.Release|Any CPU.Build.0 = Release|Any CPU
		{04B6C633-EDE8-4481-93ED-CF9968A2F068}.Release|Any CPU.Deploy.0 = Release|Any CPU
		{04B6C633-EDE8-4481-93ED-CF9968A2F068}.Release|x64.ActiveCfg = Release|Any CPU
		{04B6C633-EDE8-4481-93ED-CF9968A2F068}.Release|x64.Build.0 = Release|Any CPU
		{04B6C633-EDE8-4481-93ED-CF9968A2F068}.Release|x64.Deploy.0 = Release|Any CPU
		{04B6C633-EDE8-4481-93ED-CF9968A2F068}.Release|x86.ActiveCfg = Release|Any CPU
		{04B6C633-EDE8-4481-93ED-CF9968A2F068}.Release|x86.Build.0 = Release|Any CPU
		{04B6C633-EDE8-4481-93ED-CF9968A2F068}.Release|x86.Deploy.0 = Release|Any CPU
	EndGlobalSection
	GlobalSection(SolutionProperties) = preSolution
		HideSolutionNode = FALSE
	EndGlobalSection
	GlobalSection(ExtensibilityGlobals) = postSolution
		SolutionGuid = {91948485-A12A-4994-BCC0-1C3E53876680}
	EndGlobalSection
	GlobalSection(SharedMSBuildProjectFiles) = preSolution
		LLMLib\LLMLib.projitems*{198ffbe1-8123-4bdb-a328-13395a3bfe21}*SharedItemsImports = 5
		Common\Common.projitems*{9b7b27f9-88bc-4a17-a424-cbc02507b7fc}*SharedItemsImports = 13
		Common\Common.projitems*{a0cf7fbb-96cd-4017-9774-e87c3e530ac7}*SharedItemsImports = 5
	EndGlobalSection
EndGlobal
